
Microsoft Visual Studio Solution File, Format Version 12.00
# Visual Studio Version 17
VisualStudioVersion = 17.4.33213.308
MinimumVisualStudioVersion = 10.0.40219.1
Project("{FAE04EC0-301F-11D3-BF4B-00C04F79EFBC}") = "Kolekcje", "Kolekcje.csproj", "{4F1DCE7B-C2C3-455C-B187-314B919A51CE}"
EndProject
Global
	GlobalSection(SolutionConfigurationPlatforms) = preSolution
		Debug|Any CPU = Debug|Any CPU
		Release|Any CPU = Release|Any CPU
	EndGlobalSection
	GlobalSection(ProjectConfigurationPlatforms) = postSolution
		{4F1DCE7B-C2C3-455C-B187-314B919A51CE}.Debug|Any CPU.ActiveCfg = Debug|Any CPU
		{4F1DCE7B-C2C3-455C-B187-314B919A51CE}.Debug|Any CPU.Build.0 = Debug|Any CPU
		{4F1DCE7B-C2C3-455C-B187-314B919A51CE}.Release|Any CPU.ActiveCfg = Release|Any CPU
		{4F1DCE7B-C2C3-455C-B187-314B919A51CE}.Release|Any CPU.Build.0 = Release|Any CPU
	EndGlobalSection
	GlobalSection(SolutionProperties) = preSolution
		HideSolutionNode = FALSE
	EndGlobalSection
	GlobalSection(ExtensibilityGlobals) = postSolution
		SolutionGuid = {838A6E25-9AD6-4130-920E-9AE99DC0459A}
	EndGlobalSection
EndGlobal
